
Microsoft Visual Studio Solution File, Format Version 12.00
# Visual Studio 15
VisualStudioVersion = 15.0.27130.2010
MinimumVisualStudioVersion = 10.0.40219.1
Project("{FAE04EC0-301F-11D3-BF4B-00C04F79EFBC}") = "RetriveChassiLogs", "RetriveChassiLogs\RetriveChassiLogs.csproj", "{36F50CF0-CCC4-4F50-938B-939C81F7D4EE}"
EndProject
Global
	GlobalSection(SolutionConfigurationPlatforms) = preSolution
		Debug|Any CPU = Debug|Any CPU
		Release|Any CPU = Release|Any CPU
	EndGlobalSection
	GlobalSection(ProjectConfigurationPlatforms) = postSolution
		{36F50CF0-CCC4-4F50-938B-939C81F7D4EE}.Debug|Any CPU.ActiveCfg = Debug|Any CPU
		{36F50CF0-CCC4-4F50-938B-939C81F7D4EE}.Debug|Any CPU.Build.0 = Debug|Any CPU
		{36F50CF0-CCC4-4F50-938B-939C81F7D4EE}.Release|Any CPU.ActiveCfg = Release|Any CPU
		{36F50CF0-CCC4-4F50-938B-939C81F7D4EE}.Release|Any CPU.Build.0 = Release|Any CPU
	EndGlobalSection
	GlobalSection(SolutionProperties) = preSolution
		HideSolutionNode = FALSE
	EndGlobalSection
	GlobalSection(ExtensibilityGlobals) = postSolution
		SolutionGuid = {00166824-F5A3-485D-BCC0-B4D5E7693C7A}
	EndGlobalSection
EndGlobal
